<?xml version="1.0" encoding="utf-8"?>
<Project ToolsVersion="4.0" xmlns="http://schemas.microsoft.com/developer/msbuild/2003">
  <ItemGroup>
    <Filter Include="소스 파일">
      <UniqueIdentifier>{4FC737F1-C7A5-4376-A066-2A32D752A2FF}</UniqueIdentifier>
      <Extensions>cpp;c;cc;cxx;c++;cppm;ixx;def;odl;idl;hpj;bat;asm;asmx</Extensions>
    </Filter>
    <Filter Include="소스 파일\DataStructure">
      <UniqueIdentifier>{e2fba1fa-db2e-4bc4-854c-a2f431adad6f}</UniqueIdentifier>
    </Filter>
    <Filter Include="소스 파일\DataStructure\TemplateContainer">
      <UniqueIdentifier>{e7211402-872a-4c00-956a-1cced340b7d0}</UniqueIdentifier>
    </Filter>
    <Filter Include="소스 파일\DataStructure\BinarySearchTree">
      <UniqueIdentifier>{161aadd2-7840-43d8-8695-78ee295346de}</UniqueIdentifier>
    </Filter>
    <Filter Include="소스 파일\DataStructure\List">
      <UniqueIdentifier>{f90238e3-159f-4381-8946-32ed697de9ed}</UniqueIdentifier>
    </Filter>
    <Filter Include="소스 파일\DataStructure\Queue">
      <UniqueIdentifier>{16bee19d-cf77-4ea7-96ad-02867f956c5f}</UniqueIdentifier>
    </Filter>
    <Filter Include="소스 파일\DataStructure\Queue\ConcurrentQueue">
      <UniqueIdentifier>{01288b63-b1c1-48cb-9350-622d4e124268}</UniqueIdentifier>
    </Filter>
    <Filter Include="소스 파일\DataStructure\Stack">
      <UniqueIdentifier>{1ca2be04-99f9-4dd1-9e12-93d50c84e2cc}</UniqueIdentifier>
    </Filter>
    <Filter Include="소스 파일\DataStructure\Stack\ConcurrentStack">
      <UniqueIdentifier>{4453bc49-8ff6-46a6-9bb2-ef52488a5067}</UniqueIdentifier>
    </Filter>
  </ItemGroup>
  <ItemGroup>
    <ClCompile Include="DataStructure.cpp">
      <Filter>소스 파일</Filter>
    </ClCompile>
    <ClCompile Include="pch.cpp">
      <Filter>소스 파일</Filter>
    </ClCompile>
    <ClCompile Include="List.cpp">
      <Filter>소스 파일\DataStructure\List</Filter>
    </ClCompile>
  </ItemGroup>
  <ItemGroup>
    <ClInclude Include="pch.h">
      <Filter>소스 파일</Filter>
    </ClInclude>
    <ClInclude Include="TemplateContainer.h">
      <Filter>소스 파일\DataStructure\TemplateContainer</Filter>
    </ClInclude>
    <ClInclude Include="DataStructure.h">
      <Filter>소스 파일</Filter>
    </ClInclude>
    <ClInclude Include="BinarySearchTree.h">
      <Filter>소스 파일\DataStructure\BinarySearchTree</Filter>
    </ClInclude>
    <ClInclude Include="HowToUse_BinarySearchTree.h">
      <Filter>소스 파일\DataStructure\BinarySearchTree</Filter>
    </ClInclude>
    <ClInclude Include="List.h">
      <Filter>소스 파일\DataStructure\List</Filter>
    </ClInclude>
    <ClInclude Include="ConcurrentQueue.h">
      <Filter>소스 파일\DataStructure\Queue\ConcurrentQueue</Filter>
    </ClInclude>
    <ClInclude Include="ConcurrentStack.h">
      <Filter>소스 파일\DataStructure\Stack\ConcurrentStack</Filter>
    </ClInclude>
  </ItemGroup>
</Project>